// !$*UTF8*$!
{
	archiveVersion = 1;
	classes = {
	};
	objectVersion = 50;
	objects = {

/* Begin PBXBuildFile section */
		33708AA924A40F7E00108315 /* Tests_iOS.swift in Sources */ = {isa = PBXBuildFile; fileRef = 33708AA824A40F7E00108315 /* Tests_iOS.swift */; };
		33708AB424A40F7E00108315 /* Tests_macOS.swift in Sources */ = {isa = PBXBuildFile; fileRef = 33708AB324A40F7E00108315 /* Tests_macOS.swift */; };
		33708AB624A40F7E00108315 /* Sand_WitchesApp.swift in Sources */ = {isa = PBXBuildFile; fileRef = 33708A8D24A40F7C00108315 /* Sand_WitchesApp.swift */; };
		33708AB724A40F7E00108315 /* Sand_WitchesApp.swift in Sources */ = {isa = PBXBuildFile; fileRef = 33708A8D24A40F7C00108315 /* Sand_WitchesApp.swift */; };
		33708AB824A40F7E00108315 /* ContentView.swift in Sources */ = {isa = PBXBuildFile; fileRef = 33708A8E24A40F7C00108315 /* ContentView.swift */; };
		33708AB924A40F7E00108315 /* ContentView.swift in Sources */ = {isa = PBXBuildFile; fileRef = 33708A8E24A40F7C00108315 /* ContentView.swift */; };
		33708ABA24A40F7E00108315 /* Assets.xcassets in Resources */ = {isa = PBXBuildFile; fileRef = 33708A8F24A40F7D00108315 /* Assets.xcassets */; };
		33708ABB24A40F7E00108315 /* Assets.xcassets in Resources */ = {isa = PBXBuildFile; fileRef = 33708A8F24A40F7D00108315 /* Assets.xcassets */; };
		33708ACB24A4181000108315 /* Sandwich.swift in Sources */ = {isa = PBXBuildFile; fileRef = 33708ACA24A4181000108315 /* Sandwich.swift */; };
		33708ACC24A4181000108315 /* Sandwich.swift in Sources */ = {isa = PBXBuildFile; fileRef = 33708ACA24A4181000108315 /* Sandwich.swift */; };
		33708ACE24A41FE000108315 /* SandwichDetail.swift in Sources */ = {isa = PBXBuildFile; fileRef = 33708ACD24A41FE000108315 /* SandwichDetail.swift */; };
		33708ACF24A41FE000108315 /* SandwichDetail.swift in Sources */ = {isa = PBXBuildFile; fileRef = 33708ACD24A41FE000108315 /* SandwichDetail.swift */; };
/* End PBXBuildFile section */

/* Begin PBXContainerItemProxy section */
		33708AA524A40F7E00108315 /* PBXContainerItemProxy */ = {
			isa = PBXContainerItemProxy;
			containerPortal = 33708A8824A40F7C00108315 /* Project object */;
			proxyType = 1;
			remoteGlobalIDString = 33708A9324A40F7D00108315;
			remoteInfo = iOS;
		};
		33708AB024A40F7E00108315 /* PBXContainerItemProxy */ = {
			isa = PBXContainerItemProxy;
			containerPortal = 33708A8824A40F7C00108315 /* Project object */;
			proxyType = 1;
			remoteGlobalIDString = 33708A9B24A40F7E00108315;
			remoteInfo = macOS;
		};
/* End PBXContainerItemProxy section */

/* Begin PBXFileReference section */
		33708A8D24A40F7C00108315 /* Sand_WitchesApp.swift */ = {isa = PBXFileReference; lastKnownFileType = sourcecode.swift; path = Sand_WitchesApp.swift; sourceTree = "<group>"; };
		33708A8E24A40F7C00108315 /* ContentView.swift */ = {isa = PBXFileReference; lastKnownFileType = sourcecode.swift; path = ContentView.swift; sourceTree = "<group>"; };
		33708A8F24A40F7D00108315 /* Assets.xcassets */ = {isa = PBXFileReference; lastKnownFileType = folder.assetcatalog; path = Assets.xcassets; sourceTree = "<group>"; };
		33708A9424A40F7D00108315 /* Sand Witches.app */ = {isa = PBXFileReference; explicitFileType = wrapper.application; includeInIndex = 0; path = "Sand Witches.app"; sourceTree = BUILT_PRODUCTS_DIR; };
		33708A9724A40F7D00108315 /* Info.plist */ = {isa = PBXFileReference; lastKnownFileType = text.plist.xml; path = Info.plist; sourceTree = "<group>"; };
		33708A9C24A40F7E00108315 /* Sand Witches.app */ = {isa = PBXFileReference; explicitFileType = wrapper.application; includeInIndex = 0; path = "Sand Witches.app"; sourceTree = BUILT_PRODUCTS_DIR; };
		33708A9E24A40F7E00108315 /* Info.plist */ = {isa = PBXFileReference; lastKnownFileType = text.plist.xml; path = Info.plist; sourceTree = "<group>"; };
		33708A9F24A40F7E00108315 /* macOS.entitlements */ = {isa = PBXFileReference; lastKnownFileType = text.plist.entitlements; path = macOS.entitlements; sourceTree = "<group>"; };
		33708AA424A40F7E00108315 /* Tests iOS.xctest */ = {isa = PBXFileReference; explicitFileType = wrapper.cfbundle; includeInIndex = 0; path = "Tests iOS.xctest"; sourceTree = BUILT_PRODUCTS_DIR; };
		33708AA824A40F7E00108315 /* Tests_iOS.swift */ = {isa = PBXFileReference; lastKnownFileType = sourcecode.swift; path = Tests_iOS.swift; sourceTree = "<group>"; };
		33708AAA24A40F7E00108315 /* Info.plist */ = {isa = PBXFileReference; lastKnownFileType = text.plist.xml; path = Info.plist; sourceTree = "<group>"; };
		33708AAF24A40F7E00108315 /* Tests macOS.xctest */ = {isa = PBXFileReference; explicitFileType = wrapper.cfbundle; includeInIndex = 0; path = "Tests macOS.xctest"; sourceTree = BUILT_PRODUCTS_DIR; };
		33708AB324A40F7E00108315 /* Tests_macOS.swift */ = {isa = PBXFileReference; lastKnownFileType = sourcecode.swift; path = Tests_macOS.swift; sourceTree = "<group>"; };
		33708AB524A40F7E00108315 /* Info.plist */ = {isa = PBXFileReference; lastKnownFileType = text.plist.xml; path = Info.plist; sourceTree = "<group>"; };
		33708ACA24A4181000108315 /* Sandwich.swift */ = {isa = PBXFileReference; lastKnownFileType = sourcecode.swift; path = Sandwich.swift; sourceTree = "<group>"; };
		33708ACD24A41FE000108315 /* SandwichDetail.swift */ = {isa = PBXFileReference; lastKnownFileType = sourcecode.swift; path = SandwichDetail.swift; sourceTree = "<group>"; };
/* End PBXFileReference section */

/* Begin PBXFrameworksBuildPhase section */
		33708A9124A40F7D00108315 /* Frameworks */ = {
			isa = PBXFrameworksBuildPhase;
			buildActionMask = 2147483647;
			files = (
			);
			runOnlyForDeploymentPostprocessing = 0;
		};
		33708A9924A40F7E00108315 /* Frameworks */ = {
			isa = PBXFrameworksBuildPhase;
			buildActionMask = 2147483647;
			files = (
			);
			runOnlyForDeploymentPostprocessing = 0;
		};
		33708AA124A40F7E00108315 /* Frameworks */ = {
			isa = PBXFrameworksBuildPhase;
			buildActionMask = 2147483647;
			files = (
			);
			runOnlyForDeploymentPostprocessing = 0;
		};
		33708AAC24A40F7E00108315 /* Frameworks */ = {
			isa = PBXFrameworksBuildPhase;
			buildActionMask = 2147483647;
			files = (
			);
			runOnlyForDeploymentPostprocessing = 0;
		};
/* End PBXFrameworksBuildPhase section */

/* Begin PBXGroup section */
		33708A8724A40F7C00108315 = {
			isa = PBXGroup;
			children = (
				33708A8C24A40F7C00108315 /* Shared */,
				33708A9624A40F7D00108315 /* iOS */,
				33708A9D24A40F7E00108315 /* macOS */,
				33708AA724A40F7E00108315 /* Tests iOS */,
				33708AB224A40F7E00108315 /* Tests macOS */,
				33708A9524A40F7D00108315 /* Products */,
			);
			sourceTree = "<group>";
		};
		33708A8C24A40F7C00108315 /* Shared */ = {
			isa = PBXGroup;
			children = (
				33708A8D24A40F7C00108315 /* Sand_WitchesApp.swift */,
				33708A8E24A40F7C00108315 /* ContentView.swift */,
				33708ACD24A41FE000108315 /* SandwichDetail.swift */,
				33708ACA24A4181000108315 /* Sandwich.swift */,
				33708A8F24A40F7D00108315 /* Assets.xcassets */,
			);
			path = Shared;
			sourceTree = "<group>";
		};
		33708A9524A40F7D00108315 /* Products */ = {
			isa = PBXGroup;
			children = (
				33708A9424A40F7D00108315 /* Sand Witches.app */,
				33708A9C24A40F7E00108315 /* Sand Witches.app */,
				33708AA424A40F7E00108315 /* Tests iOS.xctest */,
				33708AAF24A40F7E00108315 /* Tests macOS.xctest */,
			);
			name = Products;
			sourceTree = "<group>";
		};
		33708A9624A40F7D00108315 /* iOS */ = {
			isa = PBXGroup;
			children = (
				33708A9724A40F7D00108315 /* Info.plist */,
			);
			path = iOS;
			sourceTree = "<group>";
		};
		33708A9D24A40F7E00108315 /* macOS */ = {
			isa = PBXGroup;
			children = (
				33708A9E24A40F7E00108315 /* Info.plist */,
				33708A9F24A40F7E00108315 /* macOS.entitlements */,
			);
			path = macOS;
			sourceTree = "<group>";
		};
		33708AA724A40F7E00108315 /* Tests iOS */ = {
			isa = PBXGroup;
			children = (
				33708AA824A40F7E00108315 /* Tests_iOS.swift */,
				33708AAA24A40F7E00108315 /* Info.plist */,
			);
			path = "Tests iOS";
			sourceTree = "<group>";
		};
		33708AB224A40F7E00108315 /* Tests macOS */ = {
			isa = PBXGroup;
			children = (
				33708AB324A40F7E00108315 /* Tests_macOS.swift */,
				33708AB524A40F7E00108315 /* Info.plist */,
			);
			path = "Tests macOS";
			sourceTree = "<group>";
		};
/* End PBXGroup section */

/* Begin PBXNativeTarget section */
		33708A9324A40F7D00108315 /* iOS */ = {
			isa = PBXNativeTarget;
			buildConfigurationList = 33708ABE24A40F7E00108315 /* Build configuration list for PBXNativeTarget "iOS" */;
			buildPhases = (
				33708A9024A40F7D00108315 /* Sources */,
				33708A9124A40F7D00108315 /* Frameworks */,
				33708A9224A40F7D00108315 /* Resources */,
			);
			buildRules = (
			);
			dependencies = (
			);
			name = iOS;
			productName = iOS;
			productReference = 33708A9424A40F7D00108315 /* Sand Witches.app */;
			productType = "com.apple.product-type.application";
		};
		33708A9B24A40F7E00108315 /* macOS */ = {
			isa = PBXNativeTarget;
			buildConfigurationList = 33708AC124A40F7E00108315 /* Build configuration list for PBXNativeTarget "macOS" */;
			buildPhases = (
				33708A9824A40F7E00108315 /* Sources */,
				33708A9924A40F7E00108315 /* Frameworks */,
				33708A9A24A40F7E00108315 /* Resources */,
			);
			buildRules = (
			);
			dependencies = (
			);
			name = macOS;
			productName = macOS;
			productReference = 33708A9C24A40F7E00108315 /* Sand Witches.app */;
			productType = "com.apple.product-type.application";
		};
		33708AA324A40F7E00108315 /* Tests iOS */ = {
			isa = PBXNativeTarget;
			buildConfigurationList = 33708AC424A40F7E00108315 /* Build configuration list for PBXNativeTarget "Tests iOS" */;
			buildPhases = (
				33708AA024A40F7E00108315 /* Sources */,
				33708AA124A40F7E00108315 /* Frameworks */,
				33708AA224A40F7E00108315 /* Resources */,
			);
			buildRules = (
			);
			dependencies = (
				33708AA624A40F7E00108315 /* PBXTargetDependency */,
			);
			name = "Tests iOS";
			productName = "Tests iOS";
			productReference = 33708AA424A40F7E00108315 /* Tests iOS.xctest */;
			productType = "com.apple.product-type.bundle.ui-testing";
		};
		33708AAE24A40F7E00108315 /* Tests macOS */ = {
			isa = PBXNativeTarget;
			buildConfigurationList = 33708AC724A40F7E00108315 /* Build configuration list for PBXNativeTarget "Tests macOS" */;
			buildPhases = (
				33708AAB24A40F7E00108315 /* Sources */,
				33708AAC24A40F7E00108315 /* Frameworks */,
				33708AAD24A40F7E00108315 /* Resources */,
			);
			buildRules = (
			);
			dependencies = (
				33708AB124A40F7E00108315 /* PBXTargetDependency */,
			);
			name = "Tests macOS";
			productName = "Tests macOS";
			productReference = 33708AAF24A40F7E00108315 /* Tests macOS.xctest */;
			productType = "com.apple.product-type.bundle.ui-testing";
		};
/* End PBXNativeTarget section */

/* Begin PBXProject section */
		33708A8824A40F7C00108315 /* Project object */ = {
			isa = PBXProject;
			attributes = {
				LastSwiftUpdateCheck = 1200;
				LastUpgradeCheck = 1200;
				TargetAttributes = {
					33708A9324A40F7D00108315 = {
						CreatedOnToolsVersion = 12.0;
					};
					33708A9B24A40F7E00108315 = {
						CreatedOnToolsVersion = 12.0;
					};
					33708AA324A40F7E00108315 = {
						CreatedOnToolsVersion = 12.0;
						TestTargetID = 33708A9324A40F7D00108315;
					};
					33708AAE24A40F7E00108315 = {
						CreatedOnToolsVersion = 12.0;
						TestTargetID = 33708A9B24A40F7E00108315;
					};
				};
			};
			buildConfigurationList = 33708A8B24A40F7C00108315 /* Build configuration list for PBXProject "Sand Witches" */;
			compatibilityVersion = "Xcode 9.3";
			developmentRegion = en;
			hasScannedForEncodings = 0;
			knownRegions = (
				en,
				Base,
			);
			mainGroup = 33708A8724A40F7C00108315;
			productRefGroup = 33708A9524A40F7D00108315 /* Products */;
			projectDirPath = "";
			projectRoot = "";
			targets = (
				33708A9324A40F7D00108315 /* iOS */,
				33708A9B24A40F7E00108315 /* macOS */,
				33708AA324A40F7E00108315 /* Tests iOS */,
				33708AAE24A40F7E00108315 /* Tests macOS */,
			);
		};
/* End PBXProject section */

/* Begin PBXResourcesBuildPhase section */
		33708A9224A40F7D00108315 /* Resources */ = {
			isa = PBXResourcesBuildPhase;
			buildActionMask = 2147483647;
			files = (
				33708ABA24A40F7E00108315 /* Assets.xcassets in Resources */,
			);
			runOnlyForDeploymentPostprocessing = 0;
		};
		33708A9A24A40F7E00108315 /* Resources */ = {
			isa = PBXResourcesBuildPhase;
			buildActionMask = 2147483647;
			files = (
				33708ABB24A40F7E00108315 /* Assets.xcassets in Resources */,
			);
			runOnlyForDeploymentPostprocessing = 0;
		};
		33708AA224A40F7E00108315 /* Resources */ = {
			isa = PBXResourcesBuildPhase;
			buildActionMask = 2147483647;
			files = (
			);
			runOnlyForDeploymentPostprocessing = 0;
		};
		33708AAD24A40F7E00108315 /* Resources */ = {
			isa = PBXResourcesBuildPhase;
			buildActionMask = 2147483647;
			files = (
			);
			runOnlyForDeploymentPostprocessing = 0;
		};
/* End PBXResourcesBuildPhase section */

/* Begin PBXSourcesBuildPhase section */
		33708A9024A40F7D00108315 /* Sources */ = {
			isa = PBXSourcesBuildPhase;
			buildActionMask = 2147483647;
			files = (
				33708AB824A40F7E00108315 /* ContentView.swift in Sources */,
				33708AB624A40F7E00108315 /* Sand_WitchesApp.swift in Sources */,
				33708ACB24A4181000108315 /* Sandwich.swift in Sources */,
				33708ACE24A41FE000108315 /* SandwichDetail.swift in Sources */,
			);
			runOnlyForDeploymentPostprocessing = 0;
		};
		33708A9824A40F7E00108315 /* Sources */ = {
			isa = PBXSourcesBuildPhase;
			buildActionMask = 2147483647;
			files = (
				33708AB924A40F7E00108315 /* ContentView.swift in Sources */,
				33708AB724A40F7E00108315 /* Sand_WitchesApp.swift in Sources */,
				33708ACC24A4181000108315 /* Sandwich.swift in Sources */,
				33708ACF24A41FE000108315 /* SandwichDetail.swift in Sources */,
			);
			runOnlyForDeploymentPostprocessing = 0;
		};
		33708AA024A40F7E00108315 /* Sources */ = {
			isa = PBXSourcesBuildPhase;
			buildActionMask = 2147483647;
			files = (
				33708AA924A40F7E00108315 /* Tests_iOS.swift in Sources */,
			);
			runOnlyForDeploymentPostprocessing = 0;
		};
		33708AAB24A40F7E00108315 /* Sources */ = {
			isa = PBXSourcesBuildPhase;
			buildActionMask = 2147483647;
			files = (
				33708AB424A40F7E00108315 /* Tests_macOS.swift in Sources */,
			);
			runOnlyForDeploymentPostprocessing = 0;
		};
/* End PBXSourcesBuildPhase section */

/* Begin PBXTargetDependency section */
		33708AA624A40F7E00108315 /* PBXTargetDependency */ = {
			isa = PBXTargetDependency;
			target = 33708A9324A40F7D00108315 /* iOS */;
			targetProxy = 33708AA524A40F7E00108315 /* PBXContainerItemProxy */;
		};
		33708AB124A40F7E00108315 /* PBXTargetDependency */ = {
			isa = PBXTargetDependency;
			target = 33708A9B24A40F7E00108315 /* macOS */;
			targetProxy = 33708AB024A40F7E00108315 /* PBXContainerItemProxy */;
		};
/* End PBXTargetDependency section */

/* Begin XCBuildConfiguration section */
		33708ABC24A40F7E00108315 /* Debug */ = {
			isa = XCBuildConfiguration;
			buildSettings = {
				ALWAYS_SEARCH_USER_PATHS = NO;
				CLANG_ANALYZER_NONNULL = YES;
				CLANG_ANALYZER_NUMBER_OBJECT_CONVERSION = YES_AGGRESSIVE;
				CLANG_CXX_LANGUAGE_STANDARD = "gnu++14";
				CLANG_CXX_LIBRARY = "libc++";
				CLANG_ENABLE_MODULES = YES;
				CLANG_ENABLE_OBJC_ARC = YES;
				CLANG_ENABLE_OBJC_WEAK = YES;
				CLANG_WARN_BLOCK_CAPTURE_AUTORELEASING = YES;
				CLANG_WARN_BOOL_CONVERSION = YES;
				CLANG_WARN_COMMA = YES;
				CLANG_WARN_CONSTANT_CONVERSION = YES;
				CLANG_WARN_DEPRECATED_OBJC_IMPLEMENTATIONS = YES;
				CLANG_WARN_DIRECT_OBJC_ISA_USAGE = YES_ERROR;
				CLANG_WARN_DOCUMENTATION_COMMENTS = YES;
				CLANG_WARN_EMPTY_BODY = YES;
				CLANG_WARN_ENUM_CONVERSION = YES;
				CLANG_WARN_INFINITE_RECURSION = YES;
				CLANG_WARN_INT_CONVERSION = YES;
				CLANG_WARN_NON_LITERAL_NULL_CONVERSION = YES;
				CLANG_WARN_OBJC_IMPLICIT_RETAIN_SELF = YES;
				CLANG_WARN_OBJC_LITERAL_CONVERSION = YES;
				CLANG_WARN_OBJC_ROOT_CLASS = YES_ERROR;
				CLANG_WARN_QUOTED_INCLUDE_IN_FRAMEWORK_HEADER = YES;
				CLANG_WARN_RANGE_LOOP_ANALYSIS = YES;
				CLANG_WARN_STRICT_PROTOTYPES = YES;
				CLANG_WARN_SUSPICIOUS_MOVE = YES;
				CLANG_WARN_UNGUARDED_AVAILABILITY = YES_AGGRESSIVE;
				CLANG_WARN_UNREACHABLE_CODE = YES;
				CLANG_WARN__DUPLICATE_METHOD_MATCH = YES;
				COPY_PHASE_STRIP = NO;
				DEBUG_INFORMATION_FORMAT = dwarf;
				ENABLE_STRICT_OBJC_MSGSEND = YES;
				ENABLE_TESTABILITY = YES;
				GCC_C_LANGUAGE_STANDARD = gnu11;
				GCC_DYNAMIC_NO_PIC = NO;
				GCC_NO_COMMON_BLOCKS = YES;
				GCC_OPTIMIZATION_LEVEL = 0;
				GCC_PREPROCESSOR_DEFINITIONS = (
					"DEBUG=1",
					"$(inherited)",
				);
				GCC_WARN_64_TO_32_BIT_CONVERSION = YES;
				GCC_WARN_ABOUT_RETURN_TYPE = YES_ERROR;
				GCC_WARN_UNDECLARED_SELECTOR = YES;
				GCC_WARN_UNINITIALIZED_AUTOS = YES_AGGRESSIVE;
				GCC_WARN_UNUSED_FUNCTION = YES;
				GCC_WARN_UNUSED_VARIABLE = YES;
				MTL_ENABLE_DEBUG_INFO = INCLUDE_SOURCE;
				MTL_FAST_MATH = YES;
				ONLY_ACTIVE_ARCH = YES;
				SWIFT_ACTIVE_COMPILATION_CONDITIONS = DEBUG;
				SWIFT_OPTIMIZATION_LEVEL = "-Onone";
			};
			name = Debug;
		};
		33708ABD24A40F7E00108315 /* Release */ = {
			isa = XCBuildConfiguration;
			buildSettings = {
				ALWAYS_SEARCH_USER_PATHS = NO;
				CLANG_ANALYZER_NONNULL = YES;
				CLANG_ANALYZER_NUMBER_OBJECT_CONVERSION = YES_AGGRESSIVE;
				CLANG_CXX_LANGUAGE_STANDARD = "gnu++14";
				CLANG_CXX_LIBRARY = "libc++";
				CLANG_ENABLE_MODULES = YES;
				CLANG_ENABLE_OBJC_ARC = YES;
				CLANG_ENABLE_OBJC_WEAK = YES;
				CLANG_WARN_BLOCK_CAPTURE_AUTORELEASING = YES;
				CLANG_WARN_BOOL_CONVERSION = YES;
				CLANG_WARN_COMMA = YES;
				CLANG_WARN_CONSTANT_CONVERSION = YES;
				CLANG_WARN_DEPRECATED_OBJC_IMPLEMENTATIONS = YES;
				CLANG_WARN_DIRECT_OBJC_ISA_USAGE = YES_ERROR;
				CLANG_WARN_DOCUMENTATION_COMMENTS = YES;
				CLANG_WARN_EMPTY_BODY = YES;
				CLANG_WARN_ENUM_CONVERSION = YES;
				CLANG_WARN_INFINITE_RECURSION = YES;
				CLANG_WARN_INT_CONVERSION = YES;
				CLANG_WARN_NON_LITERAL_NULL_CONVERSION = YES;
				CLANG_WARN_OBJC_IMPLICIT_RETAIN_SELF = YES;
				CLANG_WARN_OBJC_LITERAL_CONVERSION = YES;
				CLANG_WARN_OBJC_ROOT_CLASS = YES_ERROR;
				CLANG_WARN_QUOTED_INCLUDE_IN_FRAMEWORK_HEADER = YES;
				CLANG_WARN_RANGE_LOOP_ANALYSIS = YES;
				CLANG_WARN_STRICT_PROTOTYPES = YES;
				CLANG_WARN_SUSPICIOUS_MOVE = YES;
				CLANG_WARN_UNGUARDED_AVAILABILITY = YES_AGGRESSIVE;
				CLANG_WARN_UNREACHABLE_CODE = YES;
				CLANG_WARN__DUPLICATE_METHOD_MATCH = YES;
				COPY_PHASE_STRIP = NO;
				DEBUG_INFORMATION_FORMAT = "dwarf-with-dsym";
				ENABLE_NS_ASSERTIONS = NO;
				ENABLE_STRICT_OBJC_MSGSEND = YES;
				GCC_C_LANGUAGE_STANDARD = gnu11;
				GCC_NO_COMMON_BLOCKS = YES;
				GCC_WARN_64_TO_32_BIT_CONVERSION = YES;
				GCC_WARN_ABOUT_RETURN_TYPE = YES_ERROR;
				GCC_WARN_UNDECLARED_SELECTOR = YES;
				GCC_WARN_UNINITIALIZED_AUTOS = YES_AGGRESSIVE;
				GCC_WARN_UNUSED_FUNCTION = YES;
				GCC_WARN_UNUSED_VARIABLE = YES;
				MTL_ENABLE_DEBUG_INFO = NO;
				MTL_FAST_MATH = YES;
				SWIFT_COMPILATION_MODE = wholemodule;
				SWIFT_OPTIMIZATION_LEVEL = "-O";
			};
			name = Release;
		};
		33708ABF24A40F7E00108315 /* Debug */ = {
			isa = XCBuildConfiguration;
			buildSettings = {
				ASSETCATALOG_COMPILER_APPICON_NAME = AppIcon;
				ASSETCATALOG_COMPILER_GLOBAL_ACCENT_COLOR_NAME = AccentColor;
				CODE_SIGN_STYLE = Automatic;
				DEVELOPMENT_TEAM = L5UZAT7KA9;
				ENABLE_PREVIEWS = YES;
				INFOPLIST_FILE = iOS/Info.plist;
				IPHONEOS_DEPLOYMENT_TARGET = 14.0;
				LD_RUNPATH_SEARCH_PATHS = (
					"$(inherited)",
					"@executable_path/Frameworks",
				);
				PRODUCT_BUNDLE_IDENTIFIER = "com.redeggproductions.Sand-Witches";
				PRODUCT_NAME = "Sand Witches";
				SDKROOT = iphoneos;
				SWIFT_VERSION = 5.0;
				TARGETED_DEVICE_FAMILY = "1,2";
			};
			name = Debug;
		};
		33708AC024A40F7E00108315 /* Release */ = {
			isa = XCBuildConfiguration;
			buildSettings = {
				ASSETCATALOG_COMPILER_APPICON_NAME = AppIcon;
				ASSETCATALOG_COMPILER_GLOBAL_ACCENT_COLOR_NAME = AccentColor;
				CODE_SIGN_STYLE = Automatic;
				DEVELOPMENT_TEAM = L5UZAT7KA9;
				ENABLE_PREVIEWS = YES;
				INFOPLIST_FILE = iOS/Info.plist;
				IPHONEOS_DEPLOYMENT_TARGET = 14.0;
				LD_RUNPATH_SEARCH_PATHS = (
					"$(inherited)",
					"@executable_path/Frameworks",
				);
				PRODUCT_BUNDLE_IDENTIFIER = "com.redeggproductions.Sand-Witches";
				PRODUCT_NAME = "Sand Witches";
				SDKROOT = iphoneos;
				SWIFT_VERSION = 5.0;
				TARGETED_DEVICE_FAMILY = "1,2";
				VALIDATE_PRODUCT = YES;
			};
			name = Release;
		};
		33708AC224A40F7E00108315 /* Debug */ = {
			isa = XCBuildConfiguration;
			buildSettings = {
				ASSETCATALOG_COMPILER_APPICON_NAME = AppIcon;
				ASSETCATALOG_COMPILER_GLOBAL_ACCENT_COLOR_NAME = AccentColor;
				CODE_SIGN_ENTITLEMENTS = macOS/macOS.entitlements;
				CODE_SIGN_STYLE = Automatic;
				COMBINE_HIDPI_IMAGES = YES;
				DEVELOPMENT_TEAM = L5UZAT7KA9;
				ENABLE_HARDENED_RUNTIME = YES;
				ENABLE_PREVIEWS = YES;
				INFOPLIST_FILE = macOS/Info.plist;
				LD_RUNPATH_SEARCH_PATHS = (
					"$(inherited)",
					"@executable_path/../Frameworks",
				);
				MACOSX_DEPLOYMENT_TARGET = 10.16;
				PRODUCT_BUNDLE_IDENTIFIER = "com.redeggproductions.Sand-Witches";
				PRODUCT_NAME = "Sand Witches";
				SDKROOT = macosx;
				SWIFT_VERSION = 5.0;
			};
			name = Debug;
		};
		33708AC324A40F7E00108315 /* Release */ = {
			isa = XCBuildConfiguration;
			buildSettings = {
				ASSETCATALOG_COMPILER_APPICON_NAME = AppIcon;
				ASSETCATALOG_COMPILER_GLOBAL_ACCENT_COLOR_NAME = AccentColor;
				CODE_SIGN_ENTITLEMENTS = macOS/macOS.entitlements;
				CODE_SIGN_STYLE = Automatic;
				COMBINE_HIDPI_IMAGES = YES;
				DEVELOPMENT_TEAM = L5UZAT7KA9;
				ENABLE_HARDENED_RUNTIME = YES;
				ENABLE_PREVIEWS = YES;
				INFOPLIST_FILE = macOS/Info.plist;
				LD_RUNPATH_SEARCH_PATHS = (
					"$(inherited)",
					"@executable_path/../Frameworks",
				);
				MACOSX_DEPLOYMENT_TARGET = 10.16;
				PRODUCT_BUNDLE_IDENTIFIER = "com.redeggproductions.Sand-Witches";
				PRODUCT_NAME = "Sand Witches";
				SDKROOT = macosx;
				SWIFT_VERSION = 5.0;
			};
			name = Release;
		};
		33708AC524A40F7E00108315 /* Debug */ = {
			isa = XCBuildConfiguration;
			buildSettings = {
				ALWAYS_EMBED_SWIFT_STANDARD_LIBRARIES = YES;
				CODE_SIGN_STYLE = Automatic;
				DEVELOPMENT_TEAM = L5UZAT7KA9;
				INFOPLIST_FILE = "Tests iOS/Info.plist";
				IPHONEOS_DEPLOYMENT_TARGET = 14.0;
				LD_RUNPATH_SEARCH_PATHS = (
					"$(inherited)",
					"@executable_path/Frameworks",
					"@loader_path/Frameworks",
				);
				PRODUCT_BUNDLE_IDENTIFIER = "com.redeggproductions.Tests-iOS";
				PRODUCT_NAME = "$(TARGET_NAME)";
				SDKROOT = iphoneos;
				SWIFT_VERSION = 5.0;
				TARGETED_DEVICE_FAMILY = "1,2";
				TEST_TARGET_NAME = iOS;
			};
			name = Debug;
		};
		33708AC624A40F7E00108315 /* Release */ = {
			isa = XCBuildConfiguration;
			buildSettings = {
				ALWAYS_EMBED_SWIFT_STANDARD_LIBRARIES = YES;
				CODE_SIGN_STYLE = Automatic;
				DEVELOPMENT_TEAM = L5UZAT7KA9;
				INFOPLIST_FILE = "Tests iOS/Info.plist";
				IPHONEOS_DEPLOYMENT_TARGET = 14.0;
				LD_RUNPATH_SEARCH_PATHS = (
					"$(inherited)",
					"@executable_path/Frameworks",
					"@loader_path/Frameworks",
				);
				PRODUCT_BUNDLE_IDENTIFIER = "com.redeggproductions.Tests-iOS";
				PRODUCT_NAME = "$(TARGET_NAME)";
				SDKROOT = iphoneos;
				SWIFT_VERSION = 5.0;
				TARGETED_DEVICE_FAMILY = "1,2";
				TEST_TARGET_NAME = iOS;
				VALIDATE_PRODUCT = YES;
			};
			name = Release;
		};
		33708AC824A40F7E00108315 /* Debug */ = {
			isa = XCBuildConfiguration;
			buildSettings = {
				ALWAYS_EMBED_SWIFT_STANDARD_LIBRARIES = YES;
				CODE_SIGN_STYLE = Automatic;
				COMBINE_HIDPI_IMAGES = YES;
				DEVELOPMENT_TEAM = L5UZAT7KA9;
				INFOPLIST_FILE = "Tests macOS/Info.plist";
				LD_RUNPATH_SEARCH_PATHS = (
					"$(inherited)",
					"@executable_path/../Frameworks",
					"@loader_path/../Frameworks",
				);
				MACOSX_DEPLOYMENT_TARGET = 10.15;
				PRODUCT_BUNDLE_IDENTIFIER = "com.redeggproductions.Tests-macOS";
				PRODUCT_NAME = "$(TARGET_NAME)";
				SDKROOT = macosx;
				SWIFT_VERSION = 5.0;
				TEST_TARGET_NAME = macOS;
			};
			name = Debug;
		};
		33708AC924A40F7E00108315 /* Release */ = {
			isa = XCBuildConfiguration;
			buildSettings = {
				ALWAYS_EMBED_SWIFT_STANDARD_LIBRARIES = YES;
				CODE_SIGN_STYLE = Automatic;
				COMBINE_HIDPI_IMAGES = YES;
				DEVELOPMENT_TEAM = L5UZAT7KA9;
				INFOPLIST_FILE = "Tests macOS/Info.plist";
				LD_RUNPATH_SEARCH_PATHS = (
					"$(inherited)",
					"@executable_path/../Frameworks",
					"@loader_path/../Frameworks",
				);
				MACOSX_DEPLOYMENT_TARGET = 10.15;
				PRODUCT_BUNDLE_IDENTIFIER = "com.redeggproductions.Tests-macOS";
				PRODUCT_NAME = "$(TARGET_NAME)";
				SDKROOT = macosx;
				SWIFT_VERSION = 5.0;
				TEST_TARGET_NAME = macOS;
			};
			name = Release;
		};
/* End XCBuildConfiguration section */

/* Begin XCConfigurationList section */
		33708A8B24A40F7C00108315 /* Build configuration list for PBXProject "Sand Witches" */ = {
			isa = XCConfigurationList;
			buildConfigurations = (
				33708ABC24A40F7E00108315 /* Debug */,
				33708ABD24A40F7E00108315 /* Release */,
			);
			defaultConfigurationIsVisible = 0;
			defaultConfigurationName = Release;
		};
		33708ABE24A40F7E00108315 /* Build configuration list for PBXNativeTarget "iOS" */ = {
			isa = XCConfigurationList;
			buildConfigurations = (
				33708ABF24A40F7E00108315 /* Debug */,
				33708AC024A40F7E00108315 /* Release */,
			);
			defaultConfigurationIsVisible = 0;
			defaultConfigurationName = Release;
		};
		33708AC124A40F7E00108315 /* Build configuration list for PBXNativeTarget "macOS" */ = {
			isa = XCConfigurationList;
			buildConfigurations = (
				33708AC224A40F7E00108315 /* Debug */,
				33708AC324A40F7E00108315 /* Release */,
			);
			defaultConfigurationIsVisible = 0;
			defaultConfigurationName = Release;
		};
		33708AC424A40F7E00108315 /* Build configuration list for PBXNativeTarget "Tests iOS" */ = {
			isa = XCConfigurationList;
			buildConfigurations = (
				33708AC524A40F7E00108315 /* Debug */,
				33708AC624A40F7E00108315 /* Release */,
			);
			defaultConfigurationIsVisible = 0;
			defaultConfigurationName = Release;
		};
		33708AC724A40F7E00108315 /* Build configuration list for PBXNativeTarget "Tests macOS" */ = {
			isa = XCConfigurationList;
			buildConfigurations = (
				33708AC824A40F7E00108315 /* Debug */,
				33708AC924A40F7E00108315 /* Release */,
			);
			defaultConfigurationIsVisible = 0;
			defaultConfigurationName = Release;
		};
/* End XCConfigurationList section */
	};
	rootObject = 33708A8824A40F7C00108315 /* Project object */;
}
